
Microsoft Visual Studio Solution File, Format Version 12.00
# Visual Studio Version 16
VisualStudioVersion = 16.0.30711.63
MinimumVisualStudioVersion = 10.0.40219.1
Project("{2150E333-8FDC-42A3-9474-1A3956D46DE8}") = "Docs", "Docs", "{918251A7-350F-4095-A8FF-BB4029BDAEAC}"
	ProjectSection(SolutionItems) = preProject
		README.md = README.md
	EndProjectSection
EndProject
Project("{2150E333-8FDC-42A3-9474-1A3956D46DE8}") = "Src", "Src", "{5A50E3E2-F403-49E8-8528-F7B3517BC588}"
EndProject
Project("{2150E333-8FDC-42A3-9474-1A3956D46DE8}") = "Tests", "Tests", "{C8236230-BED4-4A9E-A6E6-0305F094F94F}"
EndProject
Project("{2150E333-8FDC-42A3-9474-1A3956D46DE8}") = "Core", "Core", "{6DD99DEE-D5DE-4C19-AC21-734B0CA2F4D1}"
EndProject
Project("{2150E333-8FDC-42A3-9474-1A3956D46DE8}") = "Presentation", "Presentation", "{DDFB7FC9-9BC8-41CE-A312-3F14BA30B9E6}"
EndProject
Project("{9A19103F-16F7-4668-BE54-9A1E7A4F7556}") = "Domain", "Domain\Domain.csproj", "{C9EE8908-76FA-4D0E-A1B1-853F7A52219B}"
EndProject
Project("{9A19103F-16F7-4668-BE54-9A1E7A4F7556}") = "Application", "Application\Application.csproj", "{CC0DFC7A-F894-44EA-9A92-9A9306D8A53A}"
EndProject
Project("{2150E333-8FDC-42A3-9474-1A3956D46DE8}") = "Infrastructure", "Infrastructure", "{5761521E-964E-4B76-B17D-2105CEC9EDC2}"
EndProject
Project("{9A19103F-16F7-4668-BE54-9A1E7A4F7556}") = "Infrastructure", "Infrastructure\Infrastructure.csproj", "{A5C4A056-A2F9-4998-9993-AFD09643CBCB}"
EndProject
Project("{9A19103F-16F7-4668-BE54-9A1E7A4F7556}") = "Persistence", "Persistence\Persistence.csproj", "{174EDF60-6997-4959-B979-0A8563713514}"
EndProject
Project("{9A19103F-16F7-4668-BE54-9A1E7A4F7556}") = "WebAPI", "WebAPI\WebAPI.csproj", "{EB58D544-0F20-4616-A8DE-FD48CDEAF306}"
EndProject
Project("{2150E333-8FDC-42A3-9474-1A3956D46DE8}") = "Solution Items", "Solution Items", "{C1A53C20-0B73-4545-8D66-E8D1AA285BA1}"
	ProjectSection(SolutionItems) = preProject
		.editorconfig = .editorconfig
	EndProjectSection
EndProject
Global
	GlobalSection(SolutionConfigurationPlatforms) = preSolution
		Debug|Any CPU = Debug|Any CPU
		Release|Any CPU = Release|Any CPU
	EndGlobalSection
	GlobalSection(ProjectConfigurationPlatforms) = postSolution
		{C9EE8908-76FA-4D0E-A1B1-853F7A52219B}.Debug|Any CPU.ActiveCfg = Debug|Any CPU
		{C9EE8908-76FA-4D0E-A1B1-853F7A52219B}.Debug|Any CPU.Build.0 = Debug|Any CPU
		{C9EE8908-76FA-4D0E-A1B1-853F7A52219B}.Release|Any CPU.ActiveCfg = Release|Any CPU
		{C9EE8908-76FA-4D0E-A1B1-853F7A52219B}.Release|Any CPU.Build.0 = Release|Any CPU
		{CC0DFC7A-F894-44EA-9A92-9A9306D8A53A}.Debug|Any CPU.ActiveCfg = Debug|Any CPU
		{CC0DFC7A-F894-44EA-9A92-9A9306D8A53A}.Debug|Any CPU.Build.0 = Debug|Any CPU
		{CC0DFC7A-F894-44EA-9A92-9A9306D8A53A}.Release|Any CPU.ActiveCfg = Release|Any CPU
		{CC0DFC7A-F894-44EA-9A92-9A9306D8A53A}.Release|Any CPU.Build.0 = Release|Any CPU
		{A5C4A056-A2F9-4998-9993-AFD09643CBCB}.Debug|Any CPU.ActiveCfg = Debug|Any CPU
		{A5C4A056-A2F9-4998-9993-AFD09643CBCB}.Debug|Any CPU.Build.0 = Debug|Any CPU
		{A5C4A056-A2F9-4998-9993-AFD09643CBCB}.Release|Any CPU.ActiveCfg = Release|Any CPU
		{A5C4A056-A2F9-4998-9993-AFD09643CBCB}.Release|Any CPU.Build.0 = Release|Any CPU
		{174EDF60-6997-4959-B979-0A8563713514}.Debug|Any CPU.ActiveCfg = Debug|Any CPU
		{174EDF60-6997-4959-B979-0A8563713514}.Debug|Any CPU.Build.0 = Debug|Any CPU
		{174EDF60-6997-4959-B979-0A8563713514}.Release|Any CPU.ActiveCfg = Release|Any CPU
		{174EDF60-6997-4959-B979-0A8563713514}.Release|Any CPU.Build.0 = Release|Any CPU
		{EB58D544-0F20-4616-A8DE-FD48CDEAF306}.Debug|Any CPU.ActiveCfg = Debug|Any CPU
		{EB58D544-0F20-4616-A8DE-FD48CDEAF306}.Debug|Any CPU.Build.0 = Debug|Any CPU
		{EB58D544-0F20-4616-A8DE-FD48CDEAF306}.Release|Any CPU.ActiveCfg = Release|Any CPU
		{EB58D544-0F20-4616-A8DE-FD48CDEAF306}.Release|Any CPU.Build.0 = Release|Any CPU
	EndGlobalSection
	GlobalSection(SolutionProperties) = preSolution
		HideSolutionNode = FALSE
	EndGlobalSection
	GlobalSection(NestedProjects) = preSolution
		{6DD99DEE-D5DE-4C19-AC21-734B0CA2F4D1} = {5A50E3E2-F403-49E8-8528-F7B3517BC588}
		{DDFB7FC9-9BC8-41CE-A312-3F14BA30B9E6} = {5A50E3E2-F403-49E8-8528-F7B3517BC588}
		{C9EE8908-76FA-4D0E-A1B1-853F7A52219B} = {6DD99DEE-D5DE-4C19-AC21-734B0CA2F4D1}
		{CC0DFC7A-F894-44EA-9A92-9A9306D8A53A} = {6DD99DEE-D5DE-4C19-AC21-734B0CA2F4D1}
		{5761521E-964E-4B76-B17D-2105CEC9EDC2} = {5A50E3E2-F403-49E8-8528-F7B3517BC588}
		{A5C4A056-A2F9-4998-9993-AFD09643CBCB} = {5761521E-964E-4B76-B17D-2105CEC9EDC2}
		{174EDF60-6997-4959-B979-0A8563713514} = {5761521E-964E-4B76-B17D-2105CEC9EDC2}
		{EB58D544-0F20-4616-A8DE-FD48CDEAF306} = {DDFB7FC9-9BC8-41CE-A312-3F14BA30B9E6}
	EndGlobalSection
	GlobalSection(ExtensibilityGlobals) = postSolution
		SolutionGuid = {B1D8CCB4-F104-4D43-8104-30718BF0BE41}
	EndGlobalSection
EndGlobal
